
Microsoft Visual Studio Solution File, Format Version 12.00
# Visual Studio 14
VisualStudioVersion = 14.0.25420.1
MinimumVisualStudioVersion = 10.0.40219.1
Project("{8BC9CEB8-8B4A-11D0-8D11-00A0C91BC942}") = "FluorineMathLib", "FluorineMathLib\FluorineMathLib.vcxproj", "{5AE23EA4-FBED-4528-BD99-C1EC06888920}"
EndProject
Project("{8BC9CEB8-8B4A-11D0-8D11-00A0C91BC942}") = "FluorineTest", "FluorineTest\FluorineTest.vcxproj", "{EA4AAEDB-8BB7-4EBC-8F3E-4F666D9AA1C2}"
	ProjectSection(ProjectDependencies) = postProject
		{5AE23EA4-FBED-4528-BD99-C1EC06888920} = {5AE23EA4-FBED-4528-BD99-C1EC06888920}
	EndProjectSection
EndProject
Project("{8BC9CEB8-8B4A-11D0-8D11-00A0C91BC942}") = "Engine", "Engine\Engine.vcxproj", "{6CC058D3-9492-4C81-A332-E54A6517D620}"
EndProject
Project("{8BC9CEB8-8B4A-11D0-8D11-00A0C91BC942}") = "FluorineUnitTests", "FluorineTests\FluorineTests.vcxproj", "{32BCF0F0-2BEF-4A5E-B204-2869820E2F5A}"
EndProject
Project("{8BC9CEB8-8B4A-11D0-8D11-00A0C91BC942}") = "FluorineBenchmarks", "FluorineBenchmarks\FluorineBenchmarks.vcxproj", "{63DBA2E1-9293-4D87-BD77-D8338D04F74B}"
EndProject
Global
	GlobalSection(SolutionConfigurationPlatforms) = preSolution
		Debug|x64 = Debug|x64
		Debug|x86 = Debug|x86
		Release|x64 = Release|x64
		Release|x86 = Release|x86
	EndGlobalSection
	GlobalSection(ProjectConfigurationPlatforms) = postSolution
		{5AE23EA4-FBED-4528-BD99-C1EC06888920}.Debug|x64.ActiveCfg = Debug|x64
		{5AE23EA4-FBED-4528-BD99-C1EC06888920}.Debug|x64.Build.0 = Debug|x64
		{5AE23EA4-FBED-4528-BD99-C1EC06888920}.Debug|x86.ActiveCfg = Debug|Win32
		{5AE23EA4-FBED-4528-BD99-C1EC06888920}.Debug|x86.Build.0 = Debug|Win32
		{5AE23EA4-FBED-4528-BD99-C1EC06888920}.Release|x64.ActiveCfg = Release|x64
		{5AE23EA4-FBED-4528-BD99-C1EC06888920}.Release|x64.Build.0 = Release|x64
		{5AE23EA4-FBED-4528-BD99-C1EC06888920}.Release|x86.ActiveCfg = Release|Win32
		{5AE23EA4-FBED-4528-BD99-C1EC06888920}.Release|x86.Build.0 = Release|Win32
		{EA4AAEDB-8BB7-4EBC-8F3E-4F666D9AA1C2}.Debug|x64.ActiveCfg = Debug|x64
		{EA4AAEDB-8BB7-4EBC-8F3E-4F666D9AA1C2}.Debug|x64.Build.0 = Debug|x64
		{EA4AAEDB-8BB7-4EBC-8F3E-4F666D9AA1C2}.Debug|x86.ActiveCfg = Debug|Win32
		{EA4AAEDB-8BB7-4EBC-8F3E-4F666D9AA1C2}.Debug|x86.Build.0 = Debug|Win32
		{EA4AAEDB-8BB7-4EBC-8F3E-4F666D9AA1C2}.Release|x64.ActiveCfg = Release|x64
		{EA4AAEDB-8BB7-4EBC-8F3E-4F666D9AA1C2}.Release|x64.Build.0 = Release|x64
		{EA4AAEDB-8BB7-4EBC-8F3E-4F666D9AA1C2}.Release|x86.ActiveCfg = Release|Win32
		{EA4AAEDB-8BB7-4EBC-8F3E-4F666D9AA1C2}.Release|x86.Build.0 = Release|Win32
		{6CC058D3-9492-4C81-A332-E54A6517D620}.Debug|x64.ActiveCfg = Debug|x64
		{6CC058D3-9492-4C81-A332-E54A6517D620}.Debug|x64.Build.0 = Debug|x64
		{6CC058D3-9492-4C81-A332-E54A6517D620}.Debug|x86.ActiveCfg = Debug|Win32
		{6CC058D3-9492-4C81-A332-E54A6517D620}.Debug|x86.Build.0 = Debug|Win32
		{6CC058D3-9492-4C81-A332-E54A6517D620}.Release|x64.ActiveCfg = Release|x64
		{6CC058D3-9492-4C81-A332-E54A6517D620}.Release|x64.Build.0 = Release|x64
		{6CC058D3-9492-4C81-A332-E54A6517D620}.Release|x86.ActiveCfg = Release|Win32
		{6CC058D3-9492-4C81-A332-E54A6517D620}.Release|x86.Build.0 = Release|Win32
		{32BCF0F0-2BEF-4A5E-B204-2869820E2F5A}.Debug|x64.ActiveCfg = Debug|x64
		{32BCF0F0-2BEF-4A5E-B204-2869820E2F5A}.Debug|x64.Build.0 = Debug|x64
		{32BCF0F0-2BEF-4A5E-B204-2869820E2F5A}.Debug|x86.ActiveCfg = Debug|Win32
		{32BCF0F0-2BEF-4A5E-B204-2869820E2F5A}.Debug|x86.Build.0 = Debug|Win32
		{32BCF0F0-2BEF-4A5E-B204-2869820E2F5A}.Release|x64.ActiveCfg = Release|x64
		{32BCF0F0-2BEF-4A5E-B204-2869820E2F5A}.Release|x64.Build.0 = Release|x64
		{32BCF0F0-2BEF-4A5E-B204-2869820E2F5A}.Release|x86.ActiveCfg = Release|Win32
		{32BCF0F0-2BEF-4A5E-B204-2869820E2F5A}.Release|x86.Build.0 = Release|Win32
		{63DBA2E1-9293-4D87-BD77-D8338D04F74B}.Debug|x64.ActiveCfg = Debug|x64
		{63DBA2E1-9293-4D87-BD77-D8338D04F74B}.Debug|x64.Build.0 = Debug|x64
		{63DBA2E1-9293-4D87-BD77-D8338D04F74B}.Debug|x86.ActiveCfg = Debug|Win32
		{63DBA2E1-9293-4D87-BD77-D8338D04F74B}.Debug|x86.Build.0 = Debug|Win32
		{63DBA2E1-9293-4D87-BD77-D8338D04F74B}.Release|x64.ActiveCfg = Release|x64
		{63DBA2E1-9293-4D87-BD77-D8338D04F74B}.Release|x64.Build.0 = Release|x64
		{63DBA2E1-9293-4D87-BD77-D8338D04F74B}.Release|x86.ActiveCfg = Release|Win32
		{63DBA2E1-9293-4D87-BD77-D8338D04F74B}.Release|x86.Build.0 = Release|Win32
	EndGlobalSection
	GlobalSection(SolutionProperties) = preSolution
		HideSolutionNode = FALSE
	EndGlobalSection
EndGlobal
